// !$*UTF8*$!
{
	archiveVersion = 1;
	classes = {
	};
	objectVersion = 50;
	objects = {

/* Begin PBXBuildFile section */
		C61E8D0B225D933100DCD481 /* AppDelegate.swift in Sources */ = {isa = PBXBuildFile; fileRef = C61E8D0A225D933100DCD481 /* AppDelegate.swift */; };
		C61E8D0D225D933100DCD481 /* ViewController.swift in Sources */ = {isa = PBXBuildFile; fileRef = C61E8D0C225D933100DCD481 /* ViewController.swift */; };
		C61E8D10225D933100DCD481 /* Main.storyboard in Resources */ = {isa = PBXBuildFile; fileRef = C61E8D0E225D933100DCD481 /* Main.storyboard */; };
		C61E8D12225D933200DCD481 /* Assets.xcassets in Resources */ = {isa = PBXBuildFile; fileRef = C61E8D11225D933200DCD481 /* Assets.xcassets */; };
		C61E8D15225D933200DCD481 /* LaunchScreen.storyboard in Resources */ = {isa = PBXBuildFile; fileRef = C61E8D13225D933200DCD481 /* LaunchScreen.storyboard */; };
		C61E8D20225D933300DCD481 /* DDLoadHudDemoTests.swift in Sources */ = {isa = PBXBuildFile; fileRef = C61E8D1F225D933300DCD481 /* DDLoadHudDemoTests.swift */; };
		C61E8D2B225D933300DCD481 /* DDLoadHudDemoUITests.swift in Sources */ = {isa = PBXBuildFile; fileRef = C61E8D2A225D933300DCD481 /* DDLoadHudDemoUITests.swift */; };
		C61E8D40225D9EB600DCD481 /* DDLoadHudManager.swift in Sources */ = {isa = PBXBuildFile; fileRef = C61E8D3F225D9EB600DCD481 /* DDLoadHudManager.swift */; };
/* End PBXBuildFile section */

/* Begin PBXContainerItemProxy section */
		C61E8D1C225D933300DCD481 /* PBXContainerItemProxy */ = {
			isa = PBXContainerItemProxy;
			containerPortal = C61E8CFF225D933100DCD481 /* Project object */;
			proxyType = 1;
			remoteGlobalIDString = C61E8D06225D933100DCD481;
			remoteInfo = DDLoadHudDemo;
		};
		C61E8D27225D933300DCD481 /* PBXContainerItemProxy */ = {
			isa = PBXContainerItemProxy;
			containerPortal = C61E8CFF225D933100DCD481 /* Project object */;
			proxyType = 1;
			remoteGlobalIDString = C61E8D06225D933100DCD481;
			remoteInfo = DDLoadHudDemo;
		};
/* End PBXContainerItemProxy section */

/* Begin PBXFileReference section */
		C61E8D07225D933100DCD481 /* DDLoadHudDemo.app */ = {isa = PBXFileReference; explicitFileType = wrapper.application; includeInIndex = 0; path = DDLoadHudDemo.app; sourceTree = BUILT_PRODUCTS_DIR; };
		C61E8D0A225D933100DCD481 /* AppDelegate.swift */ = {isa = PBXFileReference; lastKnownFileType = sourcecode.swift; path = AppDelegate.swift; sourceTree = "<group>"; };
		C61E8D0C225D933100DCD481 /* ViewController.swift */ = {isa = PBXFileReference; lastKnownFileType = sourcecode.swift; path = ViewController.swift; sourceTree = "<group>"; };
		C61E8D0F225D933100DCD481 /* Base */ = {isa = PBXFileReference; lastKnownFileType = file.storyboard; name = Base; path = Base.lproj/Main.storyboard; sourceTree = "<group>"; };
		C61E8D11225D933200DCD481 /* Assets.xcassets */ = {isa = PBXFileReference; lastKnownFileType = folder.assetcatalog; path = Assets.xcassets; sourceTree = "<group>"; };
		C61E8D14225D933200DCD481 /* Base */ = {isa = PBXFileReference; lastKnownFileType = file.storyboard; name = Base; path = Base.lproj/LaunchScreen.storyboard; sourceTree = "<group>"; };
		C61E8D16225D933200DCD481 /* Info.plist */ = {isa = PBXFileReference; lastKnownFileType = text.plist.xml; path = Info.plist; sourceTree = "<group>"; };
		C61E8D1B225D933300DCD481 /* DDLoadHudDemoTests.xctest */ = {isa = PBXFileReference; explicitFileType = wrapper.cfbundle; includeInIndex = 0; path = DDLoadHudDemoTests.xctest; sourceTree = BUILT_PRODUCTS_DIR; };
		C61E8D1F225D933300DCD481 /* DDLoadHudDemoTests.swift */ = {isa = PBXFileReference; lastKnownFileType = sourcecode.swift; path = DDLoadHudDemoTests.swift; sourceTree = "<group>"; };
		C61E8D21225D933300DCD481 /* Info.plist */ = {isa = PBXFileReference; lastKnownFileType = text.plist.xml; path = Info.plist; sourceTree = "<group>"; };
		C61E8D26225D933300DCD481 /* DDLoadHudDemoUITests.xctest */ = {isa = PBXFileReference; explicitFileType = wrapper.cfbundle; includeInIndex = 0; path = DDLoadHudDemoUITests.xctest; sourceTree = BUILT_PRODUCTS_DIR; };
		C61E8D2A225D933300DCD481 /* DDLoadHudDemoUITests.swift */ = {isa = PBXFileReference; lastKnownFileType = sourcecode.swift; path = DDLoadHudDemoUITests.swift; sourceTree = "<group>"; };
		C61E8D2C225D933300DCD481 /* Info.plist */ = {isa = PBXFileReference; lastKnownFileType = text.plist.xml; path = Info.plist; sourceTree = "<group>"; };
		C61E8D3F225D9EB600DCD481 /* DDLoadHudManager.swift */ = {isa = PBXFileReference; lastKnownFileType = sourcecode.swift; path = DDLoadHudManager.swift; sourceTree = "<group>"; };
/* End PBXFileReference section */

/* Begin PBXFrameworksBuildPhase section */
		C61E8D04225D933100DCD481 /* Frameworks */ = {
			isa = PBXFrameworksBuildPhase;
			buildActionMask = 2147483647;
			files = (
			);
			runOnlyForDeploymentPostprocessing = 0;
		};
		C61E8D18225D933300DCD481 /* Frameworks */ = {
			isa = PBXFrameworksBuildPhase;
			buildActionMask = 2147483647;
			files = (
			);
			runOnlyForDeploymentPostprocessing = 0;
		};
		C61E8D23225D933300DCD481 /* Frameworks */ = {
			isa = PBXFrameworksBuildPhase;
			buildActionMask = 2147483647;
			files = (
			);
			runOnlyForDeploymentPostprocessing = 0;
		};
/* End PBXFrameworksBuildPhase section */

/* Begin PBXGroup section */
		C61E8CFE225D933100DCD481 = {
			isa = PBXGroup;
			children = (
				C61E8D3E225D9E9C00DCD481 /* DDLoadHud */,
				C61E8D3D225D9E8700DCD481 /* New Group */,
				C61E8D09225D933100DCD481 /* DDLoadHudDemo */,
				C61E8D1E225D933300DCD481 /* DDLoadHudDemoTests */,
				C61E8D29225D933300DCD481 /* DDLoadHudDemoUITests */,
				C61E8D08225D933100DCD481 /* Products */,
			);
			sourceTree = "<group>";
		};
		C61E8D08225D933100DCD481 /* Products */ = {
			isa = PBXGroup;
			children = (
				C61E8D07225D933100DCD481 /* DDLoadHudDemo.app */,
				C61E8D1B225D933300DCD481 /* DDLoadHudDemoTests.xctest */,
				C61E8D26225D933300DCD481 /* DDLoadHudDemoUITests.xctest */,
			);
			name = Products;
			sourceTree = "<group>";
		};
		C61E8D09225D933100DCD481 /* DDLoadHudDemo */ = {
			isa = PBXGroup;
			children = (
				C61E8D0A225D933100DCD481 /* AppDelegate.swift */,
				C61E8D0C225D933100DCD481 /* ViewController.swift */,
				C61E8D0E225D933100DCD481 /* Main.storyboard */,
				C61E8D11225D933200DCD481 /* Assets.xcassets */,
				C61E8D13225D933200DCD481 /* LaunchScreen.storyboard */,
				C61E8D16225D933200DCD481 /* Info.plist */,
			);
			path = DDLoadHudDemo;
			sourceTree = "<group>";
		};
		C61E8D1E225D933300DCD481 /* DDLoadHudDemoTests */ = {
			isa = PBXGroup;
			children = (
				C61E8D1F225D933300DCD481 /* DDLoadHudDemoTests.swift */,
				C61E8D21225D933300DCD481 /* Info.plist */,
			);
			path = DDLoadHudDemoTests;
			sourceTree = "<group>";
		};
		C61E8D29225D933300DCD481 /* DDLoadHudDemoUITests */ = {
			isa = PBXGroup;
			children = (
				C61E8D2A225D933300DCD481 /* DDLoadHudDemoUITests.swift */,
				C61E8D2C225D933300DCD481 /* Info.plist */,
			);
			path = DDLoadHudDemoUITests;
			sourceTree = "<group>";
		};
		C61E8D3D225D9E8700DCD481 /* New Group */ = {
			isa = PBXGroup;
			children = (
			);
			path = "New Group";
			sourceTree = "<group>";
		};
		C61E8D3E225D9E9C00DCD481 /* DDLoadHud */ = {
			isa = PBXGroup;
			children = (
				C61E8D3F225D9EB600DCD481 /* DDLoadHudManager.swift */,
			);
			path = DDLoadHud;
			sourceTree = "<group>";
		};
/* End PBXGroup section */

/* Begin PBXNativeTarget section */
		C61E8D06225D933100DCD481 /* DDLoadHudDemo */ = {
			isa = PBXNativeTarget;
			buildConfigurationList = C61E8D2F225D933300DCD481 /* Build configuration list for PBXNativeTarget "DDLoadHudDemo" */;
			buildPhases = (
				C61E8D03225D933100DCD481 /* Sources */,
				C61E8D04225D933100DCD481 /* Frameworks */,
				C61E8D05225D933100DCD481 /* Resources */,
			);
			buildRules = (
			);
			dependencies = (
			);
			name = DDLoadHudDemo;
			productName = DDLoadHudDemo;
			productReference = C61E8D07225D933100DCD481 /* DDLoadHudDemo.app */;
			productType = "com.apple.product-type.application";
		};
		C61E8D1A225D933300DCD481 /* DDLoadHudDemoTests */ = {
			isa = PBXNativeTarget;
			buildConfigurationList = C61E8D32225D933300DCD481 /* Build configuration list for PBXNativeTarget "DDLoadHudDemoTests" */;
			buildPhases = (
				C61E8D17225D933300DCD481 /* Sources */,
				C61E8D18225D933300DCD481 /* Frameworks */,
				C61E8D19225D933300DCD481 /* Resources */,
			);
			buildRules = (
			);
			dependencies = (
				C61E8D1D225D933300DCD481 /* PBXTargetDependency */,
			);
			name = DDLoadHudDemoTests;
			productName = DDLoadHudDemoTests;
			productReference = C61E8D1B225D933300DCD481 /* DDLoadHudDemoTests.xctest */;
			productType = "com.apple.product-type.bundle.unit-test";
		};
		C61E8D25225D933300DCD481 /* DDLoadHudDemoUITests */ = {
			isa = PBXNativeTarget;
			buildConfigurationList = C61E8D35225D933300DCD481 /* Build configuration list for PBXNativeTarget "DDLoadHudDemoUITests" */;
			buildPhases = (
				C61E8D22225D933300DCD481 /* Sources */,
				C61E8D23225D933300DCD481 /* Frameworks */,
				C61E8D24225D933300DCD481 /* Resources */,
			);
			buildRules = (
			);
			dependencies = (
				C61E8D28225D933300DCD481 /* PBXTargetDependency */,
			);
			name = DDLoadHudDemoUITests;
			productName = DDLoadHudDemoUITests;
			productReference = C61E8D26225D933300DCD481 /* DDLoadHudDemoUITests.xctest */;
			productType = "com.apple.product-type.bundle.ui-testing";
		};
/* End PBXNativeTarget section */

/* Begin PBXProject section */
		C61E8CFF225D933100DCD481 /* Project object */ = {
			isa = PBXProject;
			attributes = {
				LastSwiftUpdateCheck = 1020;
				LastUpgradeCheck = 1020;
				ORGANIZATIONNAME = davis;
				TargetAttributes = {
					C61E8D06225D933100DCD481 = {
						CreatedOnToolsVersion = 10.2;
					};
					C61E8D1A225D933300DCD481 = {
						CreatedOnToolsVersion = 10.2;
						TestTargetID = C61E8D06225D933100DCD481;
					};
					C61E8D25225D933300DCD481 = {
						CreatedOnToolsVersion = 10.2;
						TestTargetID = C61E8D06225D933100DCD481;
					};
				};
			};
			buildConfigurationList = C61E8D02225D933100DCD481 /* Build configuration list for PBXProject "DDLoadHudDemo" */;
			compatibilityVersion = "Xcode 9.3";
			developmentRegion = en;
			hasScannedForEncodings = 0;
			knownRegions = (
				en,
				Base,
			);
			mainGroup = C61E8CFE225D933100DCD481;
			productRefGroup = C61E8D08225D933100DCD481 /* Products */;
			projectDirPath = "";
			projectRoot = "";
			targets = (
				C61E8D06225D933100DCD481 /* DDLoadHudDemo */,
				C61E8D1A225D933300DCD481 /* DDLoadHudDemoTests */,
				C61E8D25225D933300DCD481 /* DDLoadHudDemoUITests */,
			);
		};
/* End PBXProject section */

/* Begin PBXResourcesBuildPhase section */
		C61E8D05225D933100DCD481 /* Resources */ = {
			isa = PBXResourcesBuildPhase;
			buildActionMask = 2147483647;
			files = (
				C61E8D15225D933200DCD481 /* LaunchScreen.storyboard in Resources */,
				C61E8D12225D933200DCD481 /* Assets.xcassets in Resources */,
				C61E8D10225D933100DCD481 /* Main.storyboard in Resources */,
			);
			runOnlyForDeploymentPostprocessing = 0;
		};
		C61E8D19225D933300DCD481 /* Resources */ = {
			isa = PBXResourcesBuildPhase;
			buildActionMask = 2147483647;
			files = (
			);
			runOnlyForDeploymentPostprocessing = 0;
		};
		C61E8D24225D933300DCD481 /* Resources */ = {
			isa = PBXResourcesBuildPhase;
			buildActionMask = 2147483647;
			files = (
			);
			runOnlyForDeploymentPostprocessing = 0;
		};
/* End PBXResourcesBuildPhase section */

/* Begin PBXSourcesBuildPhase section */
		C61E8D03225D933100DCD481 /* Sources */ = {
			isa = PBXSourcesBuildPhase;
			buildActionMask = 2147483647;
			files = (
				C61E8D0D225D933100DCD481 /* ViewController.swift in Sources */,
				C61E8D40225D9EB600DCD481 /* DDLoadHudManager.swift in Sources */,
				C61E8D0B225D933100DCD481 /* AppDelegate.swift in Sources */,
			);
			runOnlyForDeploymentPostprocessing = 0;
		};
		C61E8D17225D933300DCD481 /* Sources */ = {
			isa = PBXSourcesBuildPhase;
			buildActionMask = 2147483647;
			files = (
				C61E8D20225D933300DCD481 /* DDLoadHudDemoTests.swift in Sources */,
			);
			runOnlyForDeploymentPostprocessing = 0;
		};
		C61E8D22225D933300DCD481 /* Sources */ = {
			isa = PBXSourcesBuildPhase;
			buildActionMask = 2147483647;
			files = (
				C61E8D2B225D933300DCD481 /* DDLoadHudDemoUITests.swift in Sources */,
			);
			runOnlyForDeploymentPostprocessing = 0;
		};
/* End PBXSourcesBuildPhase section */

/* Begin PBXTargetDependency section */
		C61E8D1D225D933300DCD481 /* PBXTargetDependency */ = {
			isa = PBXTargetDependency;
			target = C61E8D06225D933100DCD481 /* DDLoadHudDemo */;
			targetProxy = C61E8D1C225D933300DCD481 /* PBXContainerItemProxy */;
		};
		C61E8D28225D933300DCD481 /* PBXTargetDependency */ = {
			isa = PBXTargetDependency;
			target = C61E8D06225D933100DCD481 /* DDLoadHudDemo */;
			targetProxy = C61E8D27225D933300DCD481 /* PBXContainerItemProxy */;
		};
/* End PBXTargetDependency section */

/* Begin PBXVariantGroup section */
		C61E8D0E225D933100DCD481 /* Main.storyboard */ = {
			isa = PBXVariantGroup;
			children = (
				C61E8D0F225D933100DCD481 /* Base */,
			);
			name = Main.storyboard;
			sourceTree = "<group>";
		};
		C61E8D13225D933200DCD481 /* LaunchScreen.storyboard */ = {
			isa = PBXVariantGroup;
			children = (
				C61E8D14225D933200DCD481 /* Base */,
			);
			name = LaunchScreen.storyboard;
			sourceTree = "<group>";
		};
/* End PBXVariantGroup section */

/* Begin XCBuildConfiguration section */
		C61E8D2D225D933300DCD481 /* Debug */ = {
			isa = XCBuildConfiguration;
			buildSettings = {
				ALWAYS_SEARCH_USER_PATHS = NO;
				CLANG_ANALYZER_NONNULL = YES;
				CLANG_ANALYZER_NUMBER_OBJECT_CONVERSION = YES_AGGRESSIVE;
				CLANG_CXX_LANGUAGE_STANDARD = "gnu++14";
				CLANG_CXX_LIBRARY = "libc++";
				CLANG_ENABLE_MODULES = YES;
				CLANG_ENABLE_OBJC_ARC = YES;
				CLANG_ENABLE_OBJC_WEAK = YES;
				CLANG_WARN_BLOCK_CAPTURE_AUTORELEASING = YES;
				CLANG_WARN_BOOL_CONVERSION = YES;
				CLANG_WARN_COMMA = YES;
				CLANG_WARN_CONSTANT_CONVERSION = YES;
				CLANG_WARN_DEPRECATED_OBJC_IMPLEMENTATIONS = YES;
				CLANG_WARN_DIRECT_OBJC_ISA_USAGE = YES_ERROR;
				CLANG_WARN_DOCUMENTATION_COMMENTS = YES;
				CLANG_WARN_EMPTY_BODY = YES;
				CLANG_WARN_ENUM_CONVERSION = YES;
				CLANG_WARN_INFINITE_RECURSION = YES;
				CLANG_WARN_INT_CONVERSION = YES;
				CLANG_WARN_NON_LITERAL_NULL_CONVERSION = YES;
				CLANG_WARN_OBJC_IMPLICIT_RETAIN_SELF = YES;
				CLANG_WARN_OBJC_LITERAL_CONVERSION = YES;
				CLANG_WARN_OBJC_ROOT_CLASS = YES_ERROR;
				CLANG_WARN_RANGE_LOOP_ANALYSIS = YES;
				CLANG_WARN_STRICT_PROTOTYPES = YES;
				CLANG_WARN_SUSPICIOUS_MOVE = YES;
				CLANG_WARN_UNGUARDED_AVAILABILITY = YES_AGGRESSIVE;
				CLANG_WARN_UNREACHABLE_CODE = YES;
				CLANG_WARN__DUPLICATE_METHOD_MATCH = YES;
				CODE_SIGN_IDENTITY = "iPhone Developer";
				COPY_PHASE_STRIP = NO;
				DEBUG_INFORMATION_FORMAT = dwarf;
				ENABLE_STRICT_OBJC_MSGSEND = YES;
				ENABLE_TESTABILITY = YES;
				GCC_C_LANGUAGE_STANDARD = gnu11;
				GCC_DYNAMIC_NO_PIC = NO;
				GCC_NO_COMMON_BLOCKS = YES;
				GCC_OPTIMIZATION_LEVEL = 0;
				GCC_PREPROCESSOR_DEFINITIONS = (
					"DEBUG=1",
					"$(inherited)",
				);
				GCC_WARN_64_TO_32_BIT_CONVERSION = YES;
				GCC_WARN_ABOUT_RETURN_TYPE = YES_ERROR;
				GCC_WARN_UNDECLARED_SELECTOR = YES;
				GCC_WARN_UNINITIALIZED_AUTOS = YES_AGGRESSIVE;
				GCC_WARN_UNUSED_FUNCTION = YES;
				GCC_WARN_UNUSED_VARIABLE = YES;
				IPHONEOS_DEPLOYMENT_TARGET = 12.2;
				MTL_ENABLE_DEBUG_INFO = INCLUDE_SOURCE;
				MTL_FAST_MATH = YES;
				ONLY_ACTIVE_ARCH = YES;
				SDKROOT = iphoneos;
				SWIFT_ACTIVE_COMPILATION_CONDITIONS = DEBUG;
				SWIFT_OPTIMIZATION_LEVEL = "-Onone";
			};
			name = Debug;
		};
		C61E8D2E225D933300DCD481 /* Release */ = {
			isa = XCBuildConfiguration;
			buildSettings = {
				ALWAYS_SEARCH_USER_PATHS = NO;
				CLANG_ANALYZER_NONNULL = YES;
				CLANG_ANALYZER_NUMBER_OBJECT_CONVERSION = YES_AGGRESSIVE;
				CLANG_CXX_LANGUAGE_STANDARD = "gnu++14";
				CLANG_CXX_LIBRARY = "libc++";
				CLANG_ENABLE_MODULES = YES;
				CLANG_ENABLE_OBJC_ARC = YES;
				CLANG_ENABLE_OBJC_WEAK = YES;
				CLANG_WARN_BLOCK_CAPTURE_AUTORELEASING = YES;
				CLANG_WARN_BOOL_CONVERSION = YES;
				CLANG_WARN_COMMA = YES;
				CLANG_WARN_CONSTANT_CONVERSION = YES;
				CLANG_WARN_DEPRECATED_OBJC_IMPLEMENTATIONS = YES;
				CLANG_WARN_DIRECT_OBJC_ISA_USAGE = YES_ERROR;
				CLANG_WARN_DOCUMENTATION_COMMENTS = YES;
				CLANG_WARN_EMPTY_BODY = YES;
				CLANG_WARN_ENUM_CONVERSION = YES;
				CLANG_WARN_INFINITE_RECURSION = YES;
				CLANG_WARN_INT_CONVERSION = YES;
				CLANG_WARN_NON_LITERAL_NULL_CONVERSION = YES;
				CLANG_WARN_OBJC_IMPLICIT_RETAIN_SELF = YES;
				CLANG_WARN_OBJC_LITERAL_CONVERSION = YES;
				CLANG_WARN_OBJC_ROOT_CLASS = YES_ERROR;
				CLANG_WARN_RANGE_LOOP_ANALYSIS = YES;
				CLANG_WARN_STRICT_PROTOTYPES = YES;
				CLANG_WARN_SUSPICIOUS_MOVE = YES;
				CLANG_WARN_UNGUARDED_AVAILABILITY = YES_AGGRESSIVE;
				CLANG_WARN_UNREACHABLE_CODE = YES;
				CLANG_WARN__DUPLICATE_METHOD_MATCH = YES;
				CODE_SIGN_IDENTITY = "iPhone Developer";
				COPY_PHASE_STRIP = NO;
				DEBUG_INFORMATION_FORMAT = "dwarf-with-dsym";
				ENABLE_NS_ASSERTIONS = NO;
				ENABLE_STRICT_OBJC_MSGSEND = YES;
				GCC_C_LANGUAGE_STANDARD = gnu11;
				GCC_NO_COMMON_BLOCKS = YES;
				GCC_WARN_64_TO_32_BIT_CONVERSION = YES;
				GCC_WARN_ABOUT_RETURN_TYPE = YES_ERROR;
				GCC_WARN_UNDECLARED_SELECTOR = YES;
				GCC_WARN_UNINITIALIZED_AUTOS = YES_AGGRESSIVE;
				GCC_WARN_UNUSED_FUNCTION = YES;
				GCC_WARN_UNUSED_VARIABLE = YES;
				IPHONEOS_DEPLOYMENT_TARGET = 12.2;
				MTL_ENABLE_DEBUG_INFO = NO;
				MTL_FAST_MATH = YES;
				SDKROOT = iphoneos;
				SWIFT_COMPILATION_MODE = wholemodule;
				SWIFT_OPTIMIZATION_LEVEL = "-O";
				VALIDATE_PRODUCT = YES;
			};
			name = Release;
		};
		C61E8D30225D933300DCD481 /* Debug */ = {
			isa = XCBuildConfiguration;
			buildSettings = {
				ASSETCATALOG_COMPILER_APPICON_NAME = AppIcon;
				CODE_SIGN_STYLE = Automatic;
				INFOPLIST_FILE = DDLoadHudDemo/Info.plist;
				IPHONEOS_DEPLOYMENT_TARGET = 9.0;
				LD_RUNPATH_SEARCH_PATHS = (
					"$(inherited)",
					"@executable_path/Frameworks",
				);
				PRODUCT_BUNDLE_IDENTIFIER = com.davis.componets.DDLoadHudDemo;
				PRODUCT_NAME = "$(TARGET_NAME)";
				SWIFT_VERSION = 5.0;
				TARGETED_DEVICE_FAMILY = "1,2";
			};
			name = Debug;
		};
		C61E8D31225D933300DCD481 /* Release */ = {
			isa = XCBuildConfiguration;
			buildSettings = {
				ASSETCATALOG_COMPILER_APPICON_NAME = AppIcon;
				CODE_SIGN_STYLE = Automatic;
				INFOPLIST_FILE = DDLoadHudDemo/Info.plist;
				IPHONEOS_DEPLOYMENT_TARGET = 9.0;
				LD_RUNPATH_SEARCH_PATHS = (
					"$(inherited)",
					"@executable_path/Frameworks",
				);
				PRODUCT_BUNDLE_IDENTIFIER = com.davis.componets.DDLoadHudDemo;
				PRODUCT_NAME = "$(TARGET_NAME)";
				SWIFT_VERSION = 5.0;
				TARGETED_DEVICE_FAMILY = "1,2";
			};
			name = Release;
		};
		C61E8D33225D933300DCD481 /* Debug */ = {
			isa = XCBuildConfiguration;
			buildSettings = {
				ALWAYS_EMBED_SWIFT_STANDARD_LIBRARIES = YES;
				BUNDLE_LOADER = "$(TEST_HOST)";
				CODE_SIGN_STYLE = Automatic;
				INFOPLIST_FILE = DDLoadHudDemoTests/Info.plist;
				LD_RUNPATH_SEARCH_PATHS = (
					"$(inherited)",
					"@executable_path/Frameworks",
					"@loader_path/Frameworks",
				);
				PRODUCT_BUNDLE_IDENTIFIER = com.davis.componets.DDLoadHudDemoTests;
				PRODUCT_NAME = "$(TARGET_NAME)";
				SWIFT_VERSION = 5.0;
				TARGETED_DEVICE_FAMILY = "1,2";
				TEST_HOST = "$(BUILT_PRODUCTS_DIR)/DDLoadHudDemo.app/DDLoadHudDemo";
			};
			name = Debug;
		};
		C61E8D34225D933300DCD481 /* Release */ = {
			isa = XCBuildConfiguration;
			buildSettings = {
				ALWAYS_EMBED_SWIFT_STANDARD_LIBRARIES = YES;
				BUNDLE_LOADER = "$(TEST_HOST)";
				CODE_SIGN_STYLE = Automatic;
				INFOPLIST_FILE = DDLoadHudDemoTests/Info.plist;
				LD_RUNPATH_SEARCH_PATHS = (
					"$(inherited)",
					"@executable_path/Frameworks",
					"@loader_path/Frameworks",
				);
				PRODUCT_BUNDLE_IDENTIFIER = com.davis.componets.DDLoadHudDemoTests;
				PRODUCT_NAME = "$(TARGET_NAME)";
				SWIFT_VERSION = 5.0;
				TARGETED_DEVICE_FAMILY = "1,2";
				TEST_HOST = "$(BUILT_PRODUCTS_DIR)/DDLoadHudDemo.app/DDLoadHudDemo";
			};
			name = Release;
		};
		C61E8D36225D933300DCD481 /* Debug */ = {
			isa = XCBuildConfiguration;
			buildSettings = {
				ALWAYS_EMBED_SWIFT_STANDARD_LIBRARIES = YES;
				CODE_SIGN_STYLE = Automatic;
				INFOPLIST_FILE = DDLoadHudDemoUITests/Info.plist;
				LD_RUNPATH_SEARCH_PATHS = (
					"$(inherited)",
					"@executable_path/Frameworks",
					"@loader_path/Frameworks",
				);
				PRODUCT_BUNDLE_IDENTIFIER = com.davis.componets.DDLoadHudDemoUITests;
				PRODUCT_NAME = "$(TARGET_NAME)";
				SWIFT_VERSION = 5.0;
				TARGETED_DEVICE_FAMILY = "1,2";
				TEST_TARGET_NAME = DDLoadHudDemo;
			};
			name = Debug;
		};
		C61E8D37225D933300DCD481 /* Release */ = {
			isa = XCBuildConfiguration;
			buildSettings = {
				ALWAYS_EMBED_SWIFT_STANDARD_LIBRARIES = YES;
				CODE_SIGN_STYLE = Automatic;
				INFOPLIST_FILE = DDLoadHudDemoUITests/Info.plist;
				LD_RUNPATH_SEARCH_PATHS = (
					"$(inherited)",
					"@executable_path/Frameworks",
					"@loader_path/Frameworks",
				);
				PRODUCT_BUNDLE_IDENTIFIER = com.davis.componets.DDLoadHudDemoUITests;
				PRODUCT_NAME = "$(TARGET_NAME)";
				SWIFT_VERSION = 5.0;
				TARGETED_DEVICE_FAMILY = "1,2";
				TEST_TARGET_NAME = DDLoadHudDemo;
			};
			name = Release;
		};
/* End XCBuildConfiguration section */

/* Begin XCConfigurationList section */
		C61E8D02225D933100DCD481 /* Build configuration list for PBXProject "DDLoadHudDemo" */ = {
			isa = XCConfigurationList;
			buildConfigurations = (
				C61E8D2D225D933300DCD481 /* Debug */,
				C61E8D2E225D933300DCD481 /* Release */,
			);
			defaultConfigurationIsVisible = 0;
			defaultConfigurationName = Release;
		};
		C61E8D2F225D933300DCD481 /* Build configuration list for PBXNativeTarget "DDLoadHudDemo" */ = {
			isa = XCConfigurationList;
			buildConfigurations = (
				C61E8D30225D933300DCD481 /* Debug */,
				C61E8D31225D933300DCD481 /* Release */,
			);
			defaultConfigurationIsVisible = 0;
			defaultConfigurationName = Release;
		};
		C61E8D32225D933300DCD481 /* Build configuration list for PBXNativeTarget "DDLoadHudDemoTests" */ = {
			isa = XCConfigurationList;
			buildConfigurations = (
				C61E8D33225D933300DCD481 /* Debug */,
				C61E8D34225D933300DCD481 /* Release */,
			);
			defaultConfigurationIsVisible = 0;
			defaultConfigurationName = Release;
		};
		C61E8D35225D933300DCD481 /* Build configuration list for PBXNativeTarget "DDLoadHudDemoUITests" */ = {
			isa = XCConfigurationList;
			buildConfigurations = (
				C61E8D36225D933300DCD481 /* Debug */,
				C61E8D37225D933300DCD481 /* Release */,
			);
			defaultConfigurationIsVisible = 0;
			defaultConfigurationName = Release;
		};
/* End XCConfigurationList section */
	};
	rootObject = C61E8CFF225D933100DCD481 /* Project object */;
}
